
Microsoft Visual Studio Solution File, Format Version 12.00
# Visual Studio Version 16
VisualStudioVersion = 16.0.30204.135
MinimumVisualStudioVersion = 10.0.40219.1
Project("{FAE04EC0-301F-11D3-BF4B-00C04F79EFBC}") = "EleksTubeAPI", "EleksTubeAPI\EleksTubeAPI.csproj", "{C26B5887-9A6A-4A73-BA1F-0DF21DC8E4A6}"
EndProject
Project("{9A19103F-16F7-4668-BE54-9A1E7A4F7556}") = "EleksTubeSetTime", "EleksTubeSetTime\EleksTubeSetTime.csproj", "{974AD165-4E88-4E1D-92B5-EEAFADFC1126}"
EndProject
Global
	GlobalSection(SolutionConfigurationPlatforms) = preSolution
		Debug|Any CPU = Debug|Any CPU
		Release|Any CPU = Release|Any CPU
	EndGlobalSection
	GlobalSection(ProjectConfigurationPlatforms) = postSolution
		{C26B5887-9A6A-4A73-BA1F-0DF21DC8E4A6}.Debug|Any CPU.ActiveCfg = Debug|Any CPU
		{C26B5887-9A6A-4A73-BA1F-0DF21DC8E4A6}.Debug|Any CPU.Build.0 = Debug|Any CPU
		{C26B5887-9A6A-4A73-BA1F-0DF21DC8E4A6}.Release|Any CPU.ActiveCfg = Release|Any CPU
		{C26B5887-9A6A-4A73-BA1F-0DF21DC8E4A6}.Release|Any CPU.Build.0 = Release|Any CPU
		{974AD165-4E88-4E1D-92B5-EEAFADFC1126}.Debug|Any CPU.ActiveCfg = Debug|Any CPU
		{974AD165-4E88-4E1D-92B5-EEAFADFC1126}.Debug|Any CPU.Build.0 = Debug|Any CPU
		{974AD165-4E88-4E1D-92B5-EEAFADFC1126}.Release|Any CPU.ActiveCfg = Release|Any CPU
		{974AD165-4E88-4E1D-92B5-EEAFADFC1126}.Release|Any CPU.Build.0 = Release|Any CPU
	EndGlobalSection
	GlobalSection(SolutionProperties) = preSolution
		HideSolutionNode = FALSE
	EndGlobalSection
	GlobalSection(ExtensibilityGlobals) = postSolution
		SolutionGuid = {BE3C7EA3-CFB4-4E15-A629-43FA9C898D80}
	EndGlobalSection
EndGlobal
